
Microsoft Visual Studio Solution File, Format Version 12.00
# Visual Studio Version 16
VisualStudioVersion = 16.0.34407.143
MinimumVisualStudioVersion = 10.0.40219.1
Project("{FAE04EC0-301F-11D3-BF4B-00C04F79EFBC}") = "repairElectronicWeb", "repairElectronicWeb\repairElectronicWeb.csproj", "{109420B4-6E1A-4BDA-A28F-FA7ED9CA7E8D}"
EndProject
Project("{FAE04EC0-301F-11D3-BF4B-00C04F79EFBC}") = "DB", "DB\DB.csproj", "{48D49049-9B20-4CC6-87BA-58B535E9D008}"
EndProject
Project("{FAE04EC0-301F-11D3-BF4B-00C04F79EFBC}") = "domainModel", "domainModel\domainModel.csproj", "{CF454149-1247-42AA-A76C-F114545169B2}"
EndProject
Project("{FAE04EC0-301F-11D3-BF4B-00C04F79EFBC}") = "businessModel", "businessModel\businessModel.csproj", "{974B0BEE-21B3-4FC8-870A-8B023D31BB36}"
EndProject
Global
	GlobalSection(SolutionConfigurationPlatforms) = preSolution
		Debug|Any CPU = Debug|Any CPU
		Release|Any CPU = Release|Any CPU
	EndGlobalSection
	GlobalSection(ProjectConfigurationPlatforms) = postSolution
		{109420B4-6E1A-4BDA-A28F-FA7ED9CA7E8D}.Debug|Any CPU.ActiveCfg = Debug|Any CPU
		{109420B4-6E1A-4BDA-A28F-FA7ED9CA7E8D}.Debug|Any CPU.Build.0 = Debug|Any CPU
		{109420B4-6E1A-4BDA-A28F-FA7ED9CA7E8D}.Release|Any CPU.ActiveCfg = Release|Any CPU
		{109420B4-6E1A-4BDA-A28F-FA7ED9CA7E8D}.Release|Any CPU.Build.0 = Release|Any CPU
		{48D49049-9B20-4CC6-87BA-58B535E9D008}.Debug|Any CPU.ActiveCfg = Debug|Any CPU
		{48D49049-9B20-4CC6-87BA-58B535E9D008}.Debug|Any CPU.Build.0 = Debug|Any CPU
		{48D49049-9B20-4CC6-87BA-58B535E9D008}.Release|Any CPU.ActiveCfg = Release|Any CPU
		{48D49049-9B20-4CC6-87BA-58B535E9D008}.Release|Any CPU.Build.0 = Release|Any CPU
		{CF454149-1247-42AA-A76C-F114545169B2}.Debug|Any CPU.ActiveCfg = Debug|Any CPU
		{CF454149-1247-42AA-A76C-F114545169B2}.Debug|Any CPU.Build.0 = Debug|Any CPU
		{CF454149-1247-42AA-A76C-F114545169B2}.Release|Any CPU.ActiveCfg = Release|Any CPU
		{CF454149-1247-42AA-A76C-F114545169B2}.Release|Any CPU.Build.0 = Release|Any CPU
		{974B0BEE-21B3-4FC8-870A-8B023D31BB36}.Debug|Any CPU.ActiveCfg = Debug|Any CPU
		{974B0BEE-21B3-4FC8-870A-8B023D31BB36}.Debug|Any CPU.Build.0 = Debug|Any CPU
		{974B0BEE-21B3-4FC8-870A-8B023D31BB36}.Release|Any CPU.ActiveCfg = Release|Any CPU
		{974B0BEE-21B3-4FC8-870A-8B023D31BB36}.Release|Any CPU.Build.0 = Release|Any CPU
	EndGlobalSection
	GlobalSection(SolutionProperties) = preSolution
		HideSolutionNode = FALSE
	EndGlobalSection
	GlobalSection(ExtensibilityGlobals) = postSolution
		SolutionGuid = {50EE19EA-918D-4F90-B6A2-84C23667422B}
	EndGlobalSection
EndGlobal
